
Microsoft Visual Studio Solution File, Format Version 12.00
# Visual Studio Version 17
VisualStudioVersion = 17.1.32328.378
MinimumVisualStudioVersion = 10.0.40219.1
Project("{FAE04EC0-301F-11D3-BF4B-00C04F79EFBC}") = "AspNetCoreFromBasic", "AspNetCoreFromBasic\AspNetCoreFromBasic.csproj", "{E5D9F595-2488-497E-88D6-FC2F9EEDBA35}"
EndProject
Global
	GlobalSection(SolutionConfigurationPlatforms) = preSolution
		Debug|Any CPU = Debug|Any CPU
		Release|Any CPU = Release|Any CPU
	EndGlobalSection
	GlobalSection(ProjectConfigurationPlatforms) = postSolution
		{E5D9F595-2488-497E-88D6-FC2F9EEDBA35}.Debug|Any CPU.ActiveCfg = Debug|Any CPU
		{E5D9F595-2488-497E-88D6-FC2F9EEDBA35}.Debug|Any CPU.Build.0 = Debug|Any CPU
		{E5D9F595-2488-497E-88D6-FC2F9EEDBA35}.Release|Any CPU.ActiveCfg = Release|Any CPU
		{E5D9F595-2488-497E-88D6-FC2F9EEDBA35}.Release|Any CPU.Build.0 = Release|Any CPU
	EndGlobalSection
	GlobalSection(SolutionProperties) = preSolution
		HideSolutionNode = FALSE
	EndGlobalSection
	GlobalSection(ExtensibilityGlobals) = postSolution
		SolutionGuid = {F94B08D8-F28A-47D4-AC2B-BA34DE44AE4E}
	EndGlobalSection
EndGlobal
